// !$*UTF8*$!
{
	archiveVersion = 1;
	classes = {
	};
	objectVersion = 50;
	objects = {

/* Begin PBXBuildFile section */
		FAD9D50727072E6F006C86BB /* AppDelegate.swift in Sources */ = {isa = PBXBuildFile; fileRef = FAD9D50627072E6F006C86BB /* AppDelegate.swift */; };
		FAD9D50927072E6F006C86BB /* SceneDelegate.swift in Sources */ = {isa = PBXBuildFile; fileRef = FAD9D50827072E6F006C86BB /* SceneDelegate.swift */; };
		FAD9D50B27072E6F006C86BB /* ViewController.swift in Sources */ = {isa = PBXBuildFile; fileRef = FAD9D50A27072E6F006C86BB /* ViewController.swift */; };
		FAD9D50E27072E6F006C86BB /* Main.storyboard in Resources */ = {isa = PBXBuildFile; fileRef = FAD9D50C27072E6F006C86BB /* Main.storyboard */; };
		FAD9D51027072E70006C86BB /* Assets.xcassets in Resources */ = {isa = PBXBuildFile; fileRef = FAD9D50F27072E70006C86BB /* Assets.xcassets */; };
		FAD9D51327072E70006C86BB /* LaunchScreen.storyboard in Resources */ = {isa = PBXBuildFile; fileRef = FAD9D51127072E70006C86BB /* LaunchScreen.storyboard */; };
		FAD9D51E27072E70006C86BB /* hookahTests.swift in Sources */ = {isa = PBXBuildFile; fileRef = FAD9D51D27072E70006C86BB /* hookahTests.swift */; };
		FAD9D52927072E70006C86BB /* hookahUITests.swift in Sources */ = {isa = PBXBuildFile; fileRef = FAD9D52827072E70006C86BB /* hookahUITests.swift */; };
/* End PBXBuildFile section */

/* Begin PBXContainerItemProxy section */
		FAD9D51A27072E70006C86BB /* PBXContainerItemProxy */ = {
			isa = PBXContainerItemProxy;
			containerPortal = FAD9D4FB27072E6F006C86BB /* Project object */;
			proxyType = 1;
			remoteGlobalIDString = FAD9D50227072E6F006C86BB;
			remoteInfo = hookah;
		};
		FAD9D52527072E70006C86BB /* PBXContainerItemProxy */ = {
			isa = PBXContainerItemProxy;
			containerPortal = FAD9D4FB27072E6F006C86BB /* Project object */;
			proxyType = 1;
			remoteGlobalIDString = FAD9D50227072E6F006C86BB;
			remoteInfo = hookah;
		};
/* End PBXContainerItemProxy section */

/* Begin PBXFileReference section */
		FAD9D50327072E6F006C86BB /* hookah.app */ = {isa = PBXFileReference; explicitFileType = wrapper.application; includeInIndex = 0; path = hookah.app; sourceTree = BUILT_PRODUCTS_DIR; };
		FAD9D50627072E6F006C86BB /* AppDelegate.swift */ = {isa = PBXFileReference; lastKnownFileType = sourcecode.swift; path = AppDelegate.swift; sourceTree = "<group>"; };
		FAD9D50827072E6F006C86BB /* SceneDelegate.swift */ = {isa = PBXFileReference; lastKnownFileType = sourcecode.swift; path = SceneDelegate.swift; sourceTree = "<group>"; };
		FAD9D50A27072E6F006C86BB /* ViewController.swift */ = {isa = PBXFileReference; lastKnownFileType = sourcecode.swift; path = ViewController.swift; sourceTree = "<group>"; };
		FAD9D50D27072E6F006C86BB /* Base */ = {isa = PBXFileReference; lastKnownFileType = file.storyboard; name = Base; path = Base.lproj/Main.storyboard; sourceTree = "<group>"; };
		FAD9D50F27072E70006C86BB /* Assets.xcassets */ = {isa = PBXFileReference; lastKnownFileType = folder.assetcatalog; path = Assets.xcassets; sourceTree = "<group>"; };
		FAD9D51227072E70006C86BB /* Base */ = {isa = PBXFileReference; lastKnownFileType = file.storyboard; name = Base; path = Base.lproj/LaunchScreen.storyboard; sourceTree = "<group>"; };
		FAD9D51427072E70006C86BB /* Info.plist */ = {isa = PBXFileReference; lastKnownFileType = text.plist.xml; path = Info.plist; sourceTree = "<group>"; };
		FAD9D51927072E70006C86BB /* hookahTests.xctest */ = {isa = PBXFileReference; explicitFileType = wrapper.cfbundle; includeInIndex = 0; path = hookahTests.xctest; sourceTree = BUILT_PRODUCTS_DIR; };
		FAD9D51D27072E70006C86BB /* hookahTests.swift */ = {isa = PBXFileReference; lastKnownFileType = sourcecode.swift; path = hookahTests.swift; sourceTree = "<group>"; };
		FAD9D51F27072E70006C86BB /* Info.plist */ = {isa = PBXFileReference; lastKnownFileType = text.plist.xml; path = Info.plist; sourceTree = "<group>"; };
		FAD9D52427072E70006C86BB /* hookahUITests.xctest */ = {isa = PBXFileReference; explicitFileType = wrapper.cfbundle; includeInIndex = 0; path = hookahUITests.xctest; sourceTree = BUILT_PRODUCTS_DIR; };
		FAD9D52827072E70006C86BB /* hookahUITests.swift */ = {isa = PBXFileReference; lastKnownFileType = sourcecode.swift; path = hookahUITests.swift; sourceTree = "<group>"; };
		FAD9D52A27072E70006C86BB /* Info.plist */ = {isa = PBXFileReference; lastKnownFileType = text.plist.xml; path = Info.plist; sourceTree = "<group>"; };
/* End PBXFileReference section */

/* Begin PBXFrameworksBuildPhase section */
		FAD9D50027072E6F006C86BB /* Frameworks */ = {
			isa = PBXFrameworksBuildPhase;
			buildActionMask = 2147483647;
			files = (
			);
			runOnlyForDeploymentPostprocessing = 0;
		};
		FAD9D51627072E70006C86BB /* Frameworks */ = {
			isa = PBXFrameworksBuildPhase;
			buildActionMask = 2147483647;
			files = (
			);
			runOnlyForDeploymentPostprocessing = 0;
		};
		FAD9D52127072E70006C86BB /* Frameworks */ = {
			isa = PBXFrameworksBuildPhase;
			buildActionMask = 2147483647;
			files = (
			);
			runOnlyForDeploymentPostprocessing = 0;
		};
/* End PBXFrameworksBuildPhase section */

/* Begin PBXGroup section */
		FAD9D4FA27072E6F006C86BB = {
			isa = PBXGroup;
			children = (
				FAD9D50527072E6F006C86BB /* hookah */,
				FAD9D51C27072E70006C86BB /* hookahTests */,
				FAD9D52727072E70006C86BB /* hookahUITests */,
				FAD9D50427072E6F006C86BB /* Products */,
			);
			sourceTree = "<group>";
		};
		FAD9D50427072E6F006C86BB /* Products */ = {
			isa = PBXGroup;
			children = (
				FAD9D50327072E6F006C86BB /* hookah.app */,
				FAD9D51927072E70006C86BB /* hookahTests.xctest */,
				FAD9D52427072E70006C86BB /* hookahUITests.xctest */,
			);
			name = Products;
			sourceTree = "<group>";
		};
		FAD9D50527072E6F006C86BB /* hookah */ = {
			isa = PBXGroup;
			children = (
				FAD9D50627072E6F006C86BB /* AppDelegate.swift */,
				FAD9D50827072E6F006C86BB /* SceneDelegate.swift */,
				FAD9D50A27072E6F006C86BB /* ViewController.swift */,
				FAD9D50C27072E6F006C86BB /* Main.storyboard */,
				FAD9D50F27072E70006C86BB /* Assets.xcassets */,
				FAD9D51127072E70006C86BB /* LaunchScreen.storyboard */,
				FAD9D51427072E70006C86BB /* Info.plist */,
			);
			path = hookah;
			sourceTree = "<group>";
		};
		FAD9D51C27072E70006C86BB /* hookahTests */ = {
			isa = PBXGroup;
			children = (
				FAD9D51D27072E70006C86BB /* hookahTests.swift */,
				FAD9D51F27072E70006C86BB /* Info.plist */,
			);
			path = hookahTests;
			sourceTree = "<group>";
		};
		FAD9D52727072E70006C86BB /* hookahUITests */ = {
			isa = PBXGroup;
			children = (
				FAD9D52827072E70006C86BB /* hookahUITests.swift */,
				FAD9D52A27072E70006C86BB /* Info.plist */,
			);
			path = hookahUITests;
			sourceTree = "<group>";
		};
/* End PBXGroup section */

/* Begin PBXNativeTarget section */
		FAD9D50227072E6F006C86BB /* hookah */ = {
			isa = PBXNativeTarget;
			buildConfigurationList = FAD9D52D27072E70006C86BB /* Build configuration list for PBXNativeTarget "hookah" */;
			buildPhases = (
				FAD9D4FF27072E6F006C86BB /* Sources */,
				FAD9D50027072E6F006C86BB /* Frameworks */,
				FAD9D50127072E6F006C86BB /* Resources */,
			);
			buildRules = (
			);
			dependencies = (
			);
			name = hookah;
			productName = hookah;
			productReference = FAD9D50327072E6F006C86BB /* hookah.app */;
			productType = "com.apple.product-type.application";
		};
		FAD9D51827072E70006C86BB /* hookahTests */ = {
			isa = PBXNativeTarget;
			buildConfigurationList = FAD9D53027072E70006C86BB /* Build configuration list for PBXNativeTarget "hookahTests" */;
			buildPhases = (
				FAD9D51527072E70006C86BB /* Sources */,
				FAD9D51627072E70006C86BB /* Frameworks */,
				FAD9D51727072E70006C86BB /* Resources */,
			);
			buildRules = (
			);
			dependencies = (
				FAD9D51B27072E70006C86BB /* PBXTargetDependency */,
			);
			name = hookahTests;
			productName = hookahTests;
			productReference = FAD9D51927072E70006C86BB /* hookahTests.xctest */;
			productType = "com.apple.product-type.bundle.unit-test";
		};
		FAD9D52327072E70006C86BB /* hookahUITests */ = {
			isa = PBXNativeTarget;
			buildConfigurationList = FAD9D53327072E70006C86BB /* Build configuration list for PBXNativeTarget "hookahUITests" */;
			buildPhases = (
				FAD9D52027072E70006C86BB /* Sources */,
				FAD9D52127072E70006C86BB /* Frameworks */,
				FAD9D52227072E70006C86BB /* Resources */,
			);
			buildRules = (
			);
			dependencies = (
				FAD9D52627072E70006C86BB /* PBXTargetDependency */,
			);
			name = hookahUITests;
			productName = hookahUITests;
			productReference = FAD9D52427072E70006C86BB /* hookahUITests.xctest */;
			productType = "com.apple.product-type.bundle.ui-testing";
		};
/* End PBXNativeTarget section */

/* Begin PBXProject section */
		FAD9D4FB27072E6F006C86BB /* Project object */ = {
			isa = PBXProject;
			attributes = {
				LastSwiftUpdateCheck = 1240;
				LastUpgradeCheck = 1240;
				TargetAttributes = {
					FAD9D50227072E6F006C86BB = {
						CreatedOnToolsVersion = 12.4;
					};
					FAD9D51827072E70006C86BB = {
						CreatedOnToolsVersion = 12.4;
						TestTargetID = FAD9D50227072E6F006C86BB;
					};
					FAD9D52327072E70006C86BB = {
						CreatedOnToolsVersion = 12.4;
						TestTargetID = FAD9D50227072E6F006C86BB;
					};
				};
			};
			buildConfigurationList = FAD9D4FE27072E6F006C86BB /* Build configuration list for PBXProject "hookah" */;
			compatibilityVersion = "Xcode 9.3";
			developmentRegion = en;
			hasScannedForEncodings = 0;
			knownRegions = (
				en,
				Base,
			);
			mainGroup = FAD9D4FA27072E6F006C86BB;
			productRefGroup = FAD9D50427072E6F006C86BB /* Products */;
			projectDirPath = "";
			projectRoot = "";
			targets = (
				FAD9D50227072E6F006C86BB /* hookah */,
				FAD9D51827072E70006C86BB /* hookahTests */,
				FAD9D52327072E70006C86BB /* hookahUITests */,
			);
		};
/* End PBXProject section */

/* Begin PBXResourcesBuildPhase section */
		FAD9D50127072E6F006C86BB /* Resources */ = {
			isa = PBXResourcesBuildPhase;
			buildActionMask = 2147483647;
			files = (
				FAD9D51327072E70006C86BB /* LaunchScreen.storyboard in Resources */,
				FAD9D51027072E70006C86BB /* Assets.xcassets in Resources */,
				FAD9D50E27072E6F006C86BB /* Main.storyboard in Resources */,
			);
			runOnlyForDeploymentPostprocessing = 0;
		};
		FAD9D51727072E70006C86BB /* Resources */ = {
			isa = PBXResourcesBuildPhase;
			buildActionMask = 2147483647;
			files = (
			);
			runOnlyForDeploymentPostprocessing = 0;
		};
		FAD9D52227072E70006C86BB /* Resources */ = {
			isa = PBXResourcesBuildPhase;
			buildActionMask = 2147483647;
			files = (
			);
			runOnlyForDeploymentPostprocessing = 0;
		};
/* End PBXResourcesBuildPhase section */

/* Begin PBXSourcesBuildPhase section */
		FAD9D4FF27072E6F006C86BB /* Sources */ = {
			isa = PBXSourcesBuildPhase;
			buildActionMask = 2147483647;
			files = (
				FAD9D50B27072E6F006C86BB /* ViewController.swift in Sources */,
				FAD9D50727072E6F006C86BB /* AppDelegate.swift in Sources */,
				FAD9D50927072E6F006C86BB /* SceneDelegate.swift in Sources */,
			);
			runOnlyForDeploymentPostprocessing = 0;
		};
		FAD9D51527072E70006C86BB /* Sources */ = {
			isa = PBXSourcesBuildPhase;
			buildActionMask = 2147483647;
			files = (
				FAD9D51E27072E70006C86BB /* hookahTests.swift in Sources */,
			);
			runOnlyForDeploymentPostprocessing = 0;
		};
		FAD9D52027072E70006C86BB /* Sources */ = {
			isa = PBXSourcesBuildPhase;
			buildActionMask = 2147483647;
			files = (
				FAD9D52927072E70006C86BB /* hookahUITests.swift in Sources */,
			);
			runOnlyForDeploymentPostprocessing = 0;
		};
/* End PBXSourcesBuildPhase section */

/* Begin PBXTargetDependency section */
		FAD9D51B27072E70006C86BB /* PBXTargetDependency */ = {
			isa = PBXTargetDependency;
			target = FAD9D50227072E6F006C86BB /* hookah */;
			targetProxy = FAD9D51A27072E70006C86BB /* PBXContainerItemProxy */;
		};
		FAD9D52627072E70006C86BB /* PBXTargetDependency */ = {
			isa = PBXTargetDependency;
			target = FAD9D50227072E6F006C86BB /* hookah */;
			targetProxy = FAD9D52527072E70006C86BB /* PBXContainerItemProxy */;
		};
/* End PBXTargetDependency section */

/* Begin PBXVariantGroup section */
		FAD9D50C27072E6F006C86BB /* Main.storyboard */ = {
			isa = PBXVariantGroup;
			children = (
				FAD9D50D27072E6F006C86BB /* Base */,
			);
			name = Main.storyboard;
			sourceTree = "<group>";
		};
		FAD9D51127072E70006C86BB /* LaunchScreen.storyboard */ = {
			isa = PBXVariantGroup;
			children = (
				FAD9D51227072E70006C86BB /* Base */,
			);
			name = LaunchScreen.storyboard;
			sourceTree = "<group>";
		};
/* End PBXVariantGroup section */

/* Begin XCBuildConfiguration section */
		FAD9D52B27072E70006C86BB /* Debug */ = {
			isa = XCBuildConfiguration;
			buildSettings = {
				ALWAYS_SEARCH_USER_PATHS = NO;
				CLANG_ANALYZER_NONNULL = YES;
				CLANG_ANALYZER_NUMBER_OBJECT_CONVERSION = YES_AGGRESSIVE;
				CLANG_CXX_LANGUAGE_STANDARD = "gnu++14";
				CLANG_CXX_LIBRARY = "libc++";
				CLANG_ENABLE_MODULES = YES;
				CLANG_ENABLE_OBJC_ARC = YES;
				CLANG_ENABLE_OBJC_WEAK = YES;
				CLANG_WARN_BLOCK_CAPTURE_AUTORELEASING = YES;
				CLANG_WARN_BOOL_CONVERSION = YES;
				CLANG_WARN_COMMA = YES;
				CLANG_WARN_CONSTANT_CONVERSION = YES;
				CLANG_WARN_DEPRECATED_OBJC_IMPLEMENTATIONS = YES;
				CLANG_WARN_DIRECT_OBJC_ISA_USAGE = YES_ERROR;
				CLANG_WARN_DOCUMENTATION_COMMENTS = YES;
				CLANG_WARN_EMPTY_BODY = YES;
				CLANG_WARN_ENUM_CONVERSION = YES;
				CLANG_WARN_INFINITE_RECURSION = YES;
				CLANG_WARN_INT_CONVERSION = YES;
				CLANG_WARN_NON_LITERAL_NULL_CONVERSION = YES;
				CLANG_WARN_OBJC_IMPLICIT_RETAIN_SELF = YES;
				CLANG_WARN_OBJC_LITERAL_CONVERSION = YES;
				CLANG_WARN_OBJC_ROOT_CLASS = YES_ERROR;
				CLANG_WARN_QUOTED_INCLUDE_IN_FRAMEWORK_HEADER = YES;
				CLANG_WARN_RANGE_LOOP_ANALYSIS = YES;
				CLANG_WARN_STRICT_PROTOTYPES = YES;
				CLANG_WARN_SUSPICIOUS_MOVE = YES;
				CLANG_WARN_UNGUARDED_AVAILABILITY = YES_AGGRESSIVE;
				CLANG_WARN_UNREACHABLE_CODE = YES;
				CLANG_WARN__DUPLICATE_METHOD_MATCH = YES;
				COPY_PHASE_STRIP = NO;
				DEBUG_INFORMATION_FORMAT = dwarf;
				ENABLE_STRICT_OBJC_MSGSEND = YES;
				ENABLE_TESTABILITY = YES;
				GCC_C_LANGUAGE_STANDARD = gnu11;
				GCC_DYNAMIC_NO_PIC = NO;
				GCC_NO_COMMON_BLOCKS = YES;
				GCC_OPTIMIZATION_LEVEL = 0;
				GCC_PREPROCESSOR_DEFINITIONS = (
					"DEBUG=1",
					"$(inherited)",
				);
				GCC_WARN_64_TO_32_BIT_CONVERSION = YES;
				GCC_WARN_ABOUT_RETURN_TYPE = YES_ERROR;
				GCC_WARN_UNDECLARED_SELECTOR = YES;
				GCC_WARN_UNINITIALIZED_AUTOS = YES_AGGRESSIVE;
				GCC_WARN_UNUSED_FUNCTION = YES;
				GCC_WARN_UNUSED_VARIABLE = YES;
				IPHONEOS_DEPLOYMENT_TARGET = 14.4;
				MTL_ENABLE_DEBUG_INFO = INCLUDE_SOURCE;
				MTL_FAST_MATH = YES;
				ONLY_ACTIVE_ARCH = YES;
				SDKROOT = iphoneos;
				SWIFT_ACTIVE_COMPILATION_CONDITIONS = DEBUG;
				SWIFT_OPTIMIZATION_LEVEL = "-Onone";
			};
			name = Debug;
		};
		FAD9D52C27072E70006C86BB /* Release */ = {
			isa = XCBuildConfiguration;
			buildSettings = {
				ALWAYS_SEARCH_USER_PATHS = NO;
				CLANG_ANALYZER_NONNULL = YES;
				CLANG_ANALYZER_NUMBER_OBJECT_CONVERSION = YES_AGGRESSIVE;
				CLANG_CXX_LANGUAGE_STANDARD = "gnu++14";
				CLANG_CXX_LIBRARY = "libc++";
				CLANG_ENABLE_MODULES = YES;
				CLANG_ENABLE_OBJC_ARC = YES;
				CLANG_ENABLE_OBJC_WEAK = YES;
				CLANG_WARN_BLOCK_CAPTURE_AUTORELEASING = YES;
				CLANG_WARN_BOOL_CONVERSION = YES;
				CLANG_WARN_COMMA = YES;
				CLANG_WARN_CONSTANT_CONVERSION = YES;
				CLANG_WARN_DEPRECATED_OBJC_IMPLEMENTATIONS = YES;
				CLANG_WARN_DIRECT_OBJC_ISA_USAGE = YES_ERROR;
				CLANG_WARN_DOCUMENTATION_COMMENTS = YES;
				CLANG_WARN_EMPTY_BODY = YES;
				CLANG_WARN_ENUM_CONVERSION = YES;
				CLANG_WARN_INFINITE_RECURSION = YES;
				CLANG_WARN_INT_CONVERSION = YES;
				CLANG_WARN_NON_LITERAL_NULL_CONVERSION = YES;
				CLANG_WARN_OBJC_IMPLICIT_RETAIN_SELF = YES;
				CLANG_WARN_OBJC_LITERAL_CONVERSION = YES;
				CLANG_WARN_OBJC_ROOT_CLASS = YES_ERROR;
				CLANG_WARN_QUOTED_INCLUDE_IN_FRAMEWORK_HEADER = YES;
				CLANG_WARN_RANGE_LOOP_ANALYSIS = YES;
				CLANG_WARN_STRICT_PROTOTYPES = YES;
				CLANG_WARN_SUSPICIOUS_MOVE = YES;
				CLANG_WARN_UNGUARDED_AVAILABILITY = YES_AGGRESSIVE;
				CLANG_WARN_UNREACHABLE_CODE = YES;
				CLANG_WARN__DUPLICATE_METHOD_MATCH = YES;
				COPY_PHASE_STRIP = NO;
				DEBUG_INFORMATION_FORMAT = "dwarf-with-dsym";
				ENABLE_NS_ASSERTIONS = NO;
				ENABLE_STRICT_OBJC_MSGSEND = YES;
				GCC_C_LANGUAGE_STANDARD = gnu11;
				GCC_NO_COMMON_BLOCKS = YES;
				GCC_WARN_64_TO_32_BIT_CONVERSION = YES;
				GCC_WARN_ABOUT_RETURN_TYPE = YES_ERROR;
				GCC_WARN_UNDECLARED_SELECTOR = YES;
				GCC_WARN_UNINITIALIZED_AUTOS = YES_AGGRESSIVE;
				GCC_WARN_UNUSED_FUNCTION = YES;
				GCC_WARN_UNUSED_VARIABLE = YES;
				IPHONEOS_DEPLOYMENT_TARGET = 14.4;
				MTL_ENABLE_DEBUG_INFO = NO;
				MTL_FAST_MATH = YES;
				SDKROOT = iphoneos;
				SWIFT_COMPILATION_MODE = wholemodule;
				SWIFT_OPTIMIZATION_LEVEL = "-O";
				VALIDATE_PRODUCT = YES;
			};
			name = Release;
		};
		FAD9D52E27072E70006C86BB /* Debug */ = {
			isa = XCBuildConfiguration;
			buildSettings = {
				ASSETCATALOG_COMPILER_APPICON_NAME = AppIcon;
				ASSETCATALOG_COMPILER_GLOBAL_ACCENT_COLOR_NAME = AccentColor;
				CODE_SIGN_STYLE = Automatic;
				DEVELOPMENT_TEAM = 5882J3SK56;
				INFOPLIST_FILE = hookah/Info.plist;
				LD_RUNPATH_SEARCH_PATHS = (
					"$(inherited)",
					"@executable_path/Frameworks",
				);
				PRODUCT_BUNDLE_IDENTIFIER = "SWIFT-iOS.hookah";
				PRODUCT_NAME = "$(TARGET_NAME)";
				SWIFT_VERSION = 5.0;
				TARGETED_DEVICE_FAMILY = "1,2";
			};
			name = Debug;
		};
		FAD9D52F27072E70006C86BB /* Release */ = {
			isa = XCBuildConfiguration;
			buildSettings = {
				ASSETCATALOG_COMPILER_APPICON_NAME = AppIcon;
				ASSETCATALOG_COMPILER_GLOBAL_ACCENT_COLOR_NAME = AccentColor;
				CODE_SIGN_STYLE = Automatic;
				DEVELOPMENT_TEAM = 5882J3SK56;
				INFOPLIST_FILE = hookah/Info.plist;
				LD_RUNPATH_SEARCH_PATHS = (
					"$(inherited)",
					"@executable_path/Frameworks",
				);
				PRODUCT_BUNDLE_IDENTIFIER = "SWIFT-iOS.hookah";
				PRODUCT_NAME = "$(TARGET_NAME)";
				SWIFT_VERSION = 5.0;
				TARGETED_DEVICE_FAMILY = "1,2";
			};
			name = Release;
		};
		FAD9D53127072E70006C86BB /* Debug */ = {
			isa = XCBuildConfiguration;
			buildSettings = {
				ALWAYS_EMBED_SWIFT_STANDARD_LIBRARIES = YES;
				BUNDLE_LOADER = "$(TEST_HOST)";
				CODE_SIGN_STYLE = Automatic;
				DEVELOPMENT_TEAM = 5882J3SK56;
				INFOPLIST_FILE = hookahTests/Info.plist;
				IPHONEOS_DEPLOYMENT_TARGET = 14.4;
				LD_RUNPATH_SEARCH_PATHS = (
					"$(inherited)",
					"@executable_path/Frameworks",
					"@loader_path/Frameworks",
				);
				PRODUCT_BUNDLE_IDENTIFIER = "SWIFT-iOS.hookahTests";
				PRODUCT_NAME = "$(TARGET_NAME)";
				SWIFT_VERSION = 5.0;
				TARGETED_DEVICE_FAMILY = "1,2";
				TEST_HOST = "$(BUILT_PRODUCTS_DIR)/hookah.app/hookah";
			};
			name = Debug;
		};
		FAD9D53227072E70006C86BB /* Release */ = {
			isa = XCBuildConfiguration;
			buildSettings = {
				ALWAYS_EMBED_SWIFT_STANDARD_LIBRARIES = YES;
				BUNDLE_LOADER = "$(TEST_HOST)";
				CODE_SIGN_STYLE = Automatic;
				DEVELOPMENT_TEAM = 5882J3SK56;
				INFOPLIST_FILE = hookahTests/Info.plist;
				IPHONEOS_DEPLOYMENT_TARGET = 14.4;
				LD_RUNPATH_SEARCH_PATHS = (
					"$(inherited)",
					"@executable_path/Frameworks",
					"@loader_path/Frameworks",
				);
				PRODUCT_BUNDLE_IDENTIFIER = "SWIFT-iOS.hookahTests";
				PRODUCT_NAME = "$(TARGET_NAME)";
				SWIFT_VERSION = 5.0;
				TARGETED_DEVICE_FAMILY = "1,2";
				TEST_HOST = "$(BUILT_PRODUCTS_DIR)/hookah.app/hookah";
			};
			name = Release;
		};
		FAD9D53427072E70006C86BB /* Debug */ = {
			isa = XCBuildConfiguration;
			buildSettings = {
				ALWAYS_EMBED_SWIFT_STANDARD_LIBRARIES = YES;
				CODE_SIGN_STYLE = Automatic;
				DEVELOPMENT_TEAM = 5882J3SK56;
				INFOPLIST_FILE = hookahUITests/Info.plist;
				LD_RUNPATH_SEARCH_PATHS = (
					"$(inherited)",
					"@executable_path/Frameworks",
					"@loader_path/Frameworks",
				);
				PRODUCT_BUNDLE_IDENTIFIER = "SWIFT-iOS.hookahUITests";
				PRODUCT_NAME = "$(TARGET_NAME)";
				SWIFT_VERSION = 5.0;
				TARGETED_DEVICE_FAMILY = "1,2";
				TEST_TARGET_NAME = hookah;
			};
			name = Debug;
		};
		FAD9D53527072E70006C86BB /* Release */ = {
			isa = XCBuildConfiguration;
			buildSettings = {
				ALWAYS_EMBED_SWIFT_STANDARD_LIBRARIES = YES;
				CODE_SIGN_STYLE = Automatic;
				DEVELOPMENT_TEAM = 5882J3SK56;
				INFOPLIST_FILE = hookahUITests/Info.plist;
				LD_RUNPATH_SEARCH_PATHS = (
					"$(inherited)",
					"@executable_path/Frameworks",
					"@loader_path/Frameworks",
				);
				PRODUCT_BUNDLE_IDENTIFIER = "SWIFT-iOS.hookahUITests";
				PRODUCT_NAME = "$(TARGET_NAME)";
				SWIFT_VERSION = 5.0;
				TARGETED_DEVICE_FAMILY = "1,2";
				TEST_TARGET_NAME = hookah;
			};
			name = Release;
		};
/* End XCBuildConfiguration section */

/* Begin XCConfigurationList section */
		FAD9D4FE27072E6F006C86BB /* Build configuration list for PBXProject "hookah" */ = {
			isa = XCConfigurationList;
			buildConfigurations = (
				FAD9D52B27072E70006C86BB /* Debug */,
				FAD9D52C27072E70006C86BB /* Release */,
			);
			defaultConfigurationIsVisible = 0;
			defaultConfigurationName = Release;
		};
		FAD9D52D27072E70006C86BB /* Build configuration list for PBXNativeTarget "hookah" */ = {
			isa = XCConfigurationList;
			buildConfigurations = (
				FAD9D52E27072E70006C86BB /* Debug */,
				FAD9D52F27072E70006C86BB /* Release */,
			);
			defaultConfigurationIsVisible = 0;
			defaultConfigurationName = Release;
		};
		FAD9D53027072E70006C86BB /* Build configuration list for PBXNativeTarget "hookahTests" */ = {
			isa = XCConfigurationList;
			buildConfigurations = (
				FAD9D53127072E70006C86BB /* Debug */,
				FAD9D53227072E70006C86BB /* Release */,
			);
			defaultConfigurationIsVisible = 0;
			defaultConfigurationName = Release;
		};
		FAD9D53327072E70006C86BB /* Build configuration list for PBXNativeTarget "hookahUITests" */ = {
			isa = XCConfigurationList;
			buildConfigurations = (
				FAD9D53427072E70006C86BB /* Debug */,
				FAD9D53527072E70006C86BB /* Release */,
			);
			defaultConfigurationIsVisible = 0;
			defaultConfigurationName = Release;
		};
/* End XCConfigurationList section */
	};
	rootObject = FAD9D4FB27072E6F006C86BB /* Project object */;
}
